// !$*UTF8*$!
{
	archiveVersion = 1;
	classes = {
	};
	objectVersion = 46;
	objects = {

/* Begin PBXBuildFile section */
		007D11591CAFF74400346712 /* AppDelegate.swift in Sources */ = {isa = PBXBuildFile; fileRef = 007D11581CAFF74400346712 /* AppDelegate.swift */; };
		007D115B1CAFF74400346712 /* Assets.xcassets in Resources */ = {isa = PBXBuildFile; fileRef = 007D115A1CAFF74400346712 /* Assets.xcassets */; };
		007D115E1CAFF74400346712 /* MainMenu.xib in Resources */ = {isa = PBXBuildFile; fileRef = 007D115C1CAFF74400346712 /* MainMenu.xib */; };
		007D11661CAFFA9400346712 /* Cocoa.framework in Frameworks */ = {isa = PBXBuildFile; fileRef = 007D11651CAFFA9400346712 /* Cocoa.framework */; };
		007D11681CAFFA9D00346712 /* ServiceManagement.framework in Frameworks */ = {isa = PBXBuildFile; fileRef = 007D11671CAFFA9D00346712 /* ServiceManagement.framework */; };
		007D116A1CAFFAB300346712 /* SwiftTemplateLauncher.app in CopyFiles */ = {isa = PBXBuildFile; fileRef = 007D11561CAFF74400346712 /* SwiftTemplateLauncher.app */; settings = {ATTRIBUTES = (RemoveHeadersOnCopy, ); }; };
		00B7C6271CAEF22200D54623 /* AppDelegate.swift in Sources */ = {isa = PBXBuildFile; fileRef = 00B7C6261CAEF22200D54623 /* AppDelegate.swift */; };
		00B7C6291CAEF22200D54623 /* Assets.xcassets in Resources */ = {isa = PBXBuildFile; fileRef = 00B7C6281CAEF22200D54623 /* Assets.xcassets */; };
		00B7C62C1CAEF22200D54623 /* MainMenu.xib in Resources */ = {isa = PBXBuildFile; fileRef = 00B7C62A1CAEF22200D54623 /* MainMenu.xib */; };
		00D421271CAF53D100C1A7D6 /* Global.swift in Sources */ = {isa = PBXBuildFile; fileRef = 00D421261CAF53D100C1A7D6 /* Global.swift */; };
		00D4212B1CAF5F9000C1A7D6 /* Localizable.strings in Resources */ = {isa = PBXBuildFile; fileRef = 00D4212D1CAF5F9000C1A7D6 /* Localizable.strings */; };
		00D4212F1CAF636300C1A7D6 /* StatusMenuController.swift in Sources */ = {isa = PBXBuildFile; fileRef = 00D4212E1CAF636300C1A7D6 /* StatusMenuController.swift */; };
		00D421331CAF770200C1A7D6 /* PreferencesWindowController.swift in Sources */ = {isa = PBXBuildFile; fileRef = 00D421311CAF770200C1A7D6 /* PreferencesWindowController.swift */; };
		00D421341CAF770200C1A7D6 /* PreferencesWindowController.xib in Resources */ = {isa = PBXBuildFile; fileRef = 00D421321CAF770200C1A7D6 /* PreferencesWindowController.xib */; };
/* End PBXBuildFile section */

/* Begin PBXCopyFilesBuildPhase section */
		007D11691CAFFAA300346712 /* CopyFiles */ = {
			isa = PBXCopyFilesBuildPhase;
			buildActionMask = 2147483647;
			dstPath = Contents/Library/LoginItems;
			dstSubfolderSpec = 1;
			files = (
				007D116A1CAFFAB300346712 /* SwiftTemplateLauncher.app in CopyFiles */,
			);
			runOnlyForDeploymentPostprocessing = 0;
		};
/* End PBXCopyFilesBuildPhase section */

/* Begin PBXFileReference section */
		007D11561CAFF74400346712 /* SwiftTemplateLauncher.app */ = {isa = PBXFileReference; explicitFileType = wrapper.application; includeInIndex = 0; path = SwiftTemplateLauncher.app; sourceTree = BUILT_PRODUCTS_DIR; };
		007D11581CAFF74400346712 /* AppDelegate.swift */ = {isa = PBXFileReference; lastKnownFileType = sourcecode.swift; path = AppDelegate.swift; sourceTree = "<group>"; };
		007D115A1CAFF74400346712 /* Assets.xcassets */ = {isa = PBXFileReference; lastKnownFileType = folder.assetcatalog; path = Assets.xcassets; sourceTree = "<group>"; };
		007D115D1CAFF74400346712 /* Base */ = {isa = PBXFileReference; lastKnownFileType = file.xib; name = Base; path = Base.lproj/MainMenu.xib; sourceTree = "<group>"; };
		007D115F1CAFF74400346712 /* Info.plist */ = {isa = PBXFileReference; lastKnownFileType = text.plist.xml; path = Info.plist; sourceTree = "<group>"; };
		007D11631CAFF7F000346712 /* SwiftTemplateLauncher.entitlements */ = {isa = PBXFileReference; lastKnownFileType = text.xml; path = SwiftTemplateLauncher.entitlements; sourceTree = "<group>"; };
		007D11641CAFF7F600346712 /* SwiftTemplate.entitlements */ = {isa = PBXFileReference; lastKnownFileType = text.xml; path = SwiftTemplate.entitlements; sourceTree = "<group>"; };
		007D11651CAFFA9400346712 /* Cocoa.framework */ = {isa = PBXFileReference; lastKnownFileType = wrapper.framework; name = Cocoa.framework; path = System/Library/Frameworks/Cocoa.framework; sourceTree = SDKROOT; };
		007D11671CAFFA9D00346712 /* ServiceManagement.framework */ = {isa = PBXFileReference; lastKnownFileType = wrapper.framework; name = ServiceManagement.framework; path = System/Library/Frameworks/ServiceManagement.framework; sourceTree = SDKROOT; };
		00B7C6231CAEF22200D54623 /* SwiftTemplate.app */ = {isa = PBXFileReference; explicitFileType = wrapper.application; includeInIndex = 0; path = SwiftTemplate.app; sourceTree = BUILT_PRODUCTS_DIR; };
		00B7C6261CAEF22200D54623 /* AppDelegate.swift */ = {isa = PBXFileReference; lastKnownFileType = sourcecode.swift; path = AppDelegate.swift; sourceTree = "<group>"; };
		00B7C6281CAEF22200D54623 /* Assets.xcassets */ = {isa = PBXFileReference; lastKnownFileType = folder.assetcatalog; path = Assets.xcassets; sourceTree = "<group>"; };
		00B7C62B1CAEF22200D54623 /* Base */ = {isa = PBXFileReference; lastKnownFileType = file.xib; name = Base; path = Base.lproj/MainMenu.xib; sourceTree = "<group>"; };
		00B7C62D1CAEF22200D54623 /* Info.plist */ = {isa = PBXFileReference; lastKnownFileType = text.plist.xml; path = Info.plist; sourceTree = "<group>"; };
		00D421261CAF53D100C1A7D6 /* Global.swift */ = {isa = PBXFileReference; fileEncoding = 4; lastKnownFileType = sourcecode.swift; path = Global.swift; sourceTree = "<group>"; };
		00D4212C1CAF5F9000C1A7D6 /* en */ = {isa = PBXFileReference; lastKnownFileType = text.plist.strings; name = en; path = en.lproj/Localizable.strings; sourceTree = "<group>"; };
		00D4212E1CAF636300C1A7D6 /* StatusMenuController.swift */ = {isa = PBXFileReference; fileEncoding = 4; lastKnownFileType = sourcecode.swift; path = StatusMenuController.swift; sourceTree = "<group>"; };
		00D421311CAF770200C1A7D6 /* PreferencesWindowController.swift */ = {isa = PBXFileReference; fileEncoding = 4; lastKnownFileType = sourcecode.swift; path = PreferencesWindowController.swift; sourceTree = "<group>"; };
		00D421321CAF770200C1A7D6 /* PreferencesWindowController.xib */ = {isa = PBXFileReference; fileEncoding = 4; lastKnownFileType = file.xib; path = PreferencesWindowController.xib; sourceTree = "<group>"; };
/* End PBXFileReference section */

/* Begin PBXFrameworksBuildPhase section */
		007D11531CAFF74400346712 /* Frameworks */ = {
			isa = PBXFrameworksBuildPhase;
			buildActionMask = 2147483647;
			files = (
			);
			runOnlyForDeploymentPostprocessing = 0;
		};
		00B7C6201CAEF22200D54623 /* Frameworks */ = {
			isa = PBXFrameworksBuildPhase;
			buildActionMask = 2147483647;
			files = (
				007D11661CAFFA9400346712 /* Cocoa.framework in Frameworks */,
				007D11681CAFFA9D00346712 /* ServiceManagement.framework in Frameworks */,
			);
			runOnlyForDeploymentPostprocessing = 0;
		};
/* End PBXFrameworksBuildPhase section */

/* Begin PBXGroup section */
		004DED4B1CB0006000B359BE /* Resources */ = {
			isa = PBXGroup;
			children = (
				007D115F1CAFF74400346712 /* Info.plist */,
			);
			name = Resources;
			sourceTree = "<group>";
		};
		004DED4C1CB0006E00B359BE /* UI */ = {
			isa = PBXGroup;
			children = (
				007D115A1CAFF74400346712 /* Assets.xcassets */,
				007D115C1CAFF74400346712 /* MainMenu.xib */,
			);
			name = UI;
			sourceTree = "<group>";
		};
		007D11571CAFF74400346712 /* SwiftTemplateLauncher */ = {
			isa = PBXGroup;
			children = (
				007D11631CAFF7F000346712 /* SwiftTemplateLauncher.entitlements */,
				007D11581CAFF74400346712 /* AppDelegate.swift */,
				004DED4B1CB0006000B359BE /* Resources */,
				004DED4C1CB0006E00B359BE /* UI */,
			);
			path = SwiftTemplateLauncher;
			sourceTree = "<group>";
		};
		00B7C61A1CAEF22200D54623 = {
			isa = PBXGroup;
			children = (
				007D11651CAFFA9400346712 /* Cocoa.framework */,
				007D11671CAFFA9D00346712 /* ServiceManagement.framework */,
				00B7C6251CAEF22200D54623 /* SwiftTemplate */,
				007D11571CAFF74400346712 /* SwiftTemplateLauncher */,
				00B7C6241CAEF22200D54623 /* Products */,
			);
			sourceTree = "<group>";
		};
		00B7C6241CAEF22200D54623 /* Products */ = {
			isa = PBXGroup;
			children = (
				00B7C6231CAEF22200D54623 /* SwiftTemplate.app */,
				007D11561CAFF74400346712 /* SwiftTemplateLauncher.app */,
			);
			name = Products;
			sourceTree = "<group>";
		};
		00B7C6251CAEF22200D54623 /* SwiftTemplate */ = {
			isa = PBXGroup;
			children = (
				007D11641CAFF7F600346712 /* SwiftTemplate.entitlements */,
				00B7C6261CAEF22200D54623 /* AppDelegate.swift */,
				00D421281CAF53D900C1A7D6 /* Constants */,
				00D421301CAF636E00C1A7D6 /* Controllers */,
				00DA78301CAEF672004D5272 /* Resources */,
				00DA782F1CAEF668004D5272 /* UI */,
			);
			path = SwiftTemplate;
			sourceTree = "<group>";
		};
		00D421281CAF53D900C1A7D6 /* Constants */ = {
			isa = PBXGroup;
			children = (
				00D421261CAF53D100C1A7D6 /* Global.swift */,
			);
			name = Constants;
			sourceTree = "<group>";
		};
		00D421301CAF636E00C1A7D6 /* Controllers */ = {
			isa = PBXGroup;
			children = (
				00D4212E1CAF636300C1A7D6 /* StatusMenuController.swift */,
				00D421311CAF770200C1A7D6 /* PreferencesWindowController.swift */,
			);
			name = Controllers;
			sourceTree = "<group>";
		};
		00DA782F1CAEF668004D5272 /* UI */ = {
			isa = PBXGroup;
			children = (
				00B7C6281CAEF22200D54623 /* Assets.xcassets */,
				00B7C62A1CAEF22200D54623 /* MainMenu.xib */,
				00D421321CAF770200C1A7D6 /* PreferencesWindowController.xib */,
			);
			name = UI;
			sourceTree = "<group>";
		};
		00DA78301CAEF672004D5272 /* Resources */ = {
			isa = PBXGroup;
			children = (
				00B7C62D1CAEF22200D54623 /* Info.plist */,
				00D4212D1CAF5F9000C1A7D6 /* Localizable.strings */,
			);
			name = Resources;
			sourceTree = "<group>";
		};
/* End PBXGroup section */

/* Begin PBXNativeTarget section */
		007D11551CAFF74400346712 /* SwiftTemplateLauncher */ = {
			isa = PBXNativeTarget;
			buildConfigurationList = 007D11601CAFF74400346712 /* Build configuration list for PBXNativeTarget "SwiftTemplateLauncher" */;
			buildPhases = (
				007D11521CAFF74400346712 /* Sources */,
				007D11531CAFF74400346712 /* Frameworks */,
				007D11541CAFF74400346712 /* Resources */,
			);
			buildRules = (
			);
			dependencies = (
			);
			name = SwiftTemplateLauncher;
			productName = SwiftTemplateLauncher;
			productReference = 007D11561CAFF74400346712 /* SwiftTemplateLauncher.app */;
			productType = "com.apple.product-type.application";
		};
		00B7C6221CAEF22200D54623 /* SwiftTemplate */ = {
			isa = PBXNativeTarget;
			buildConfigurationList = 00B7C6301CAEF22200D54623 /* Build configuration list for PBXNativeTarget "SwiftTemplate" */;
			buildPhases = (
				00B7C61F1CAEF22200D54623 /* Sources */,
				00B7C6201CAEF22200D54623 /* Frameworks */,
				00B7C6211CAEF22200D54623 /* Resources */,
				007D11691CAFFAA300346712 /* CopyFiles */,
			);
			buildRules = (
			);
			dependencies = (
			);
			name = SwiftTemplate;
			productName = SwiftTemplate;
			productReference = 00B7C6231CAEF22200D54623 /* SwiftTemplate.app */;
			productType = "com.apple.product-type.application";
		};
/* End PBXNativeTarget section */

/* Begin PBXProject section */
		00B7C61B1CAEF22200D54623 /* Project object */ = {
			isa = PBXProject;
			attributes = {
				LastSwiftUpdateCheck = 0730;
				LastUpgradeCheck = 0730;
				ORGANIZATIONNAME = "Robert Burns";
				TargetAttributes = {
					007D11551CAFF74400346712 = {
						CreatedOnToolsVersion = 7.3;
						SystemCapabilities = {
							com.apple.Sandbox = {
								enabled = 1;
							};
						};
					};
					00B7C6221CAEF22200D54623 = {
						CreatedOnToolsVersion = 7.3;
						SystemCapabilities = {
							com.apple.Sandbox = {
								enabled = 1;
							};
						};
					};
				};
			};
			buildConfigurationList = 00B7C61E1CAEF22200D54623 /* Build configuration list for PBXProject "SwiftTemplate" */;
			compatibilityVersion = "Xcode 3.2";
			developmentRegion = English;
			hasScannedForEncodings = 0;
			knownRegions = (
				en,
				Base,
			);
			mainGroup = 00B7C61A1CAEF22200D54623;
			productRefGroup = 00B7C6241CAEF22200D54623 /* Products */;
			projectDirPath = "";
			projectRoot = "";
			targets = (
				00B7C6221CAEF22200D54623 /* SwiftTemplate */,
				007D11551CAFF74400346712 /* SwiftTemplateLauncher */,
			);
		};
/* End PBXProject section */

/* Begin PBXResourcesBuildPhase section */
		007D11541CAFF74400346712 /* Resources */ = {
			isa = PBXResourcesBuildPhase;
			buildActionMask = 2147483647;
			files = (
				007D115B1CAFF74400346712 /* Assets.xcassets in Resources */,
				007D115E1CAFF74400346712 /* MainMenu.xib in Resources */,
			);
			runOnlyForDeploymentPostprocessing = 0;
		};
		00B7C6211CAEF22200D54623 /* Resources */ = {
			isa = PBXResourcesBuildPhase;
			buildActionMask = 2147483647;
			files = (
				00B7C6291CAEF22200D54623 /* Assets.xcassets in Resources */,
				00D4212B1CAF5F9000C1A7D6 /* Localizable.strings in Resources */,
				00D421341CAF770200C1A7D6 /* PreferencesWindowController.xib in Resources */,
				00B7C62C1CAEF22200D54623 /* MainMenu.xib in Resources */,
			);
			runOnlyForDeploymentPostprocessing = 0;
		};
/* End PBXResourcesBuildPhase section */

/* Begin PBXSourcesBuildPhase section */
		007D11521CAFF74400346712 /* Sources */ = {
			isa = PBXSourcesBuildPhase;
			buildActionMask = 2147483647;
			files = (
				007D11591CAFF74400346712 /* AppDelegate.swift in Sources */,
			);
			runOnlyForDeploymentPostprocessing = 0;
		};
		00B7C61F1CAEF22200D54623 /* Sources */ = {
			isa = PBXSourcesBuildPhase;
			buildActionMask = 2147483647;
			files = (
				00D4212F1CAF636300C1A7D6 /* StatusMenuController.swift in Sources */,
				00D421271CAF53D100C1A7D6 /* Global.swift in Sources */,
				00D421331CAF770200C1A7D6 /* PreferencesWindowController.swift in Sources */,
				00B7C6271CAEF22200D54623 /* AppDelegate.swift in Sources */,
			);
			runOnlyForDeploymentPostprocessing = 0;
		};
/* End PBXSourcesBuildPhase section */

/* Begin PBXVariantGroup section */
		007D115C1CAFF74400346712 /* MainMenu.xib */ = {
			isa = PBXVariantGroup;
			children = (
				007D115D1CAFF74400346712 /* Base */,
			);
			name = MainMenu.xib;
			sourceTree = "<group>";
		};
		00B7C62A1CAEF22200D54623 /* MainMenu.xib */ = {
			isa = PBXVariantGroup;
			children = (
				00B7C62B1CAEF22200D54623 /* Base */,
			);
			name = MainMenu.xib;
			sourceTree = "<group>";
		};
		00D4212D1CAF5F9000C1A7D6 /* Localizable.strings */ = {
			isa = PBXVariantGroup;
			children = (
				00D4212C1CAF5F9000C1A7D6 /* en */,
			);
			name = Localizable.strings;
			sourceTree = "<group>";
		};
/* End PBXVariantGroup section */

/* Begin XCBuildConfiguration section */
		007D11611CAFF74400346712 /* Debug */ = {
			isa = XCBuildConfiguration;
			buildSettings = {
				ASSETCATALOG_COMPILER_APPICON_NAME = AppIcon;
				CODE_SIGN_ENTITLEMENTS = SwiftTemplateLauncher/SwiftTemplateLauncher.entitlements;
				COMBINE_HIDPI_IMAGES = YES;
				INFOPLIST_FILE = SwiftTemplateLauncher/Info.plist;
				LD_RUNPATH_SEARCH_PATHS = "$(inherited) @executable_path/../Frameworks";
				PRODUCT_BUNDLE_IDENTIFIER = me.robertburns.osx.SwiftTemplateLauncher;
				PRODUCT_NAME = "$(TARGET_NAME)";
				SKIP_INSTALL = YES;
			};
			name = Debug;
		};
		007D11621CAFF74400346712 /* Release */ = {
			isa = XCBuildConfiguration;
			buildSettings = {
				ASSETCATALOG_COMPILER_APPICON_NAME = AppIcon;
				CODE_SIGN_ENTITLEMENTS = SwiftTemplateLauncher/SwiftTemplateLauncher.entitlements;
				COMBINE_HIDPI_IMAGES = YES;
				INFOPLIST_FILE = SwiftTemplateLauncher/Info.plist;
				LD_RUNPATH_SEARCH_PATHS = "$(inherited) @executable_path/../Frameworks";
				PRODUCT_BUNDLE_IDENTIFIER = me.robertburns.osx.SwiftTemplateLauncher;
				PRODUCT_NAME = "$(TARGET_NAME)";
				SKIP_INSTALL = YES;
			};
			name = Release;
		};
		00B7C62E1CAEF22200D54623 /* Debug */ = {
			isa = XCBuildConfiguration;
			buildSettings = {
				ALWAYS_SEARCH_USER_PATHS = NO;
				CLANG_ANALYZER_NONNULL = YES;
				CLANG_CXX_LANGUAGE_STANDARD = "gnu++0x";
				CLANG_CXX_LIBRARY = "libc++";
				CLANG_ENABLE_MODULES = YES;
				CLANG_ENABLE_OBJC_ARC = YES;
				CLANG_WARN_BOOL_CONVERSION = YES;
				CLANG_WARN_CONSTANT_CONVERSION = YES;
				CLANG_WARN_DIRECT_OBJC_ISA_USAGE = YES_ERROR;
				CLANG_WARN_EMPTY_BODY = YES;
				CLANG_WARN_ENUM_CONVERSION = YES;
				CLANG_WARN_INT_CONVERSION = YES;
				CLANG_WARN_OBJC_ROOT_CLASS = YES_ERROR;
				CLANG_WARN_UNREACHABLE_CODE = YES;
				CLANG_WARN__DUPLICATE_METHOD_MATCH = YES;
				CODE_SIGN_IDENTITY = "-";
				COPY_PHASE_STRIP = NO;
				DEBUG_INFORMATION_FORMAT = dwarf;
				ENABLE_STRICT_OBJC_MSGSEND = YES;
				ENABLE_TESTABILITY = YES;
				GCC_C_LANGUAGE_STANDARD = gnu99;
				GCC_DYNAMIC_NO_PIC = NO;
				GCC_NO_COMMON_BLOCKS = YES;
				GCC_OPTIMIZATION_LEVEL = 0;
				GCC_PREPROCESSOR_DEFINITIONS = (
					"DEBUG=1",
					"$(inherited)",
				);
				GCC_WARN_64_TO_32_BIT_CONVERSION = YES;
				GCC_WARN_ABOUT_RETURN_TYPE = YES_ERROR;
				GCC_WARN_UNDECLARED_SELECTOR = YES;
				GCC_WARN_UNINITIALIZED_AUTOS = YES_AGGRESSIVE;
				GCC_WARN_UNUSED_FUNCTION = YES;
				GCC_WARN_UNUSED_VARIABLE = YES;
				MACOSX_DEPLOYMENT_TARGET = 10.11;
				MTL_ENABLE_DEBUG_INFO = YES;
				ONLY_ACTIVE_ARCH = YES;
				SDKROOT = macosx;
				SWIFT_OPTIMIZATION_LEVEL = "-Onone";
			};
			name = Debug;
		};
		00B7C62F1CAEF22200D54623 /* Release */ = {
			isa = XCBuildConfiguration;
			buildSettings = {
				ALWAYS_SEARCH_USER_PATHS = NO;
				CLANG_ANALYZER_NONNULL = YES;
				CLANG_CXX_LANGUAGE_STANDARD = "gnu++0x";
				CLANG_CXX_LIBRARY = "libc++";
				CLANG_ENABLE_MODULES = YES;
				CLANG_ENABLE_OBJC_ARC = YES;
				CLANG_WARN_BOOL_CONVERSION = YES;
				CLANG_WARN_CONSTANT_CONVERSION = YES;
				CLANG_WARN_DIRECT_OBJC_ISA_USAGE = YES_ERROR;
				CLANG_WARN_EMPTY_BODY = YES;
				CLANG_WARN_ENUM_CONVERSION = YES;
				CLANG_WARN_INT_CONVERSION = YES;
				CLANG_WARN_OBJC_ROOT_CLASS = YES_ERROR;
				CLANG_WARN_UNREACHABLE_CODE = YES;
				CLANG_WARN__DUPLICATE_METHOD_MATCH = YES;
				CODE_SIGN_IDENTITY = "-";
				COPY_PHASE_STRIP = NO;
				DEBUG_INFORMATION_FORMAT = "dwarf-with-dsym";
				ENABLE_NS_ASSERTIONS = NO;
				ENABLE_STRICT_OBJC_MSGSEND = YES;
				GCC_C_LANGUAGE_STANDARD = gnu99;
				GCC_NO_COMMON_BLOCKS = YES;
				GCC_WARN_64_TO_32_BIT_CONVERSION = YES;
				GCC_WARN_ABOUT_RETURN_TYPE = YES_ERROR;
				GCC_WARN_UNDECLARED_SELECTOR = YES;
				GCC_WARN_UNINITIALIZED_AUTOS = YES_AGGRESSIVE;
				GCC_WARN_UNUSED_FUNCTION = YES;
				GCC_WARN_UNUSED_VARIABLE = YES;
				MACOSX_DEPLOYMENT_TARGET = 10.11;
				MTL_ENABLE_DEBUG_INFO = NO;
				SDKROOT = macosx;
			};
			name = Release;
		};
		00B7C6311CAEF22200D54623 /* Debug */ = {
			isa = XCBuildConfiguration;
			buildSettings = {
				ASSETCATALOG_COMPILER_APPICON_NAME = AppIcon;
				CODE_SIGN_ENTITLEMENTS = SwiftTemplate/SwiftTemplate.entitlements;
				COMBINE_HIDPI_IMAGES = YES;
				INFOPLIST_FILE = SwiftTemplate/Info.plist;
				LD_RUNPATH_SEARCH_PATHS = "$(inherited) @executable_path/../Frameworks";
				PRODUCT_BUNDLE_IDENTIFIER = me.robertburns.osx.SwiftTemplate;
				PRODUCT_NAME = "$(TARGET_NAME)";
			};
			name = Debug;
		};
		00B7C6321CAEF22200D54623 /* Release */ = {
			isa = XCBuildConfiguration;
			buildSettings = {
				ASSETCATALOG_COMPILER_APPICON_NAME = AppIcon;
				CODE_SIGN_ENTITLEMENTS = SwiftTemplate/SwiftTemplate.entitlements;
				COMBINE_HIDPI_IMAGES = YES;
				INFOPLIST_FILE = SwiftTemplate/Info.plist;
				LD_RUNPATH_SEARCH_PATHS = "$(inherited) @executable_path/../Frameworks";
				PRODUCT_BUNDLE_IDENTIFIER = me.robertburns.osx.SwiftTemplate;
				PRODUCT_NAME = "$(TARGET_NAME)";
			};
			name = Release;
		};
/* End XCBuildConfiguration section */

/* Begin XCConfigurationList section */
		007D11601CAFF74400346712 /* Build configuration list for PBXNativeTarget "SwiftTemplateLauncher" */ = {
			isa = XCConfigurationList;
			buildConfigurations = (
				007D11611CAFF74400346712 /* Debug */,
				007D11621CAFF74400346712 /* Release */,
			);
			defaultConfigurationIsVisible = 0;
			defaultConfigurationName = Release;
		};
		00B7C61E1CAEF22200D54623 /* Build configuration list for PBXProject "SwiftTemplate" */ = {
			isa = XCConfigurationList;
			buildConfigurations = (
				00B7C62E1CAEF22200D54623 /* Debug */,
				00B7C62F1CAEF22200D54623 /* Release */,
			);
			defaultConfigurationIsVisible = 0;
			defaultConfigurationName = Release;
		};
		00B7C6301CAEF22200D54623 /* Build configuration list for PBXNativeTarget "SwiftTemplate" */ = {
			isa = XCConfigurationList;
			buildConfigurations = (
				00B7C6311CAEF22200D54623 /* Debug */,
				00B7C6321CAEF22200D54623 /* Release */,
			);
			defaultConfigurationIsVisible = 0;
			defaultConfigurationName = Release;
		};
/* End XCConfigurationList section */
	};
	rootObject = 00B7C61B1CAEF22200D54623 /* Project object */;
}
